
Microsoft Visual Studio Solution File, Format Version 12.00
# Visual Studio Version 17
VisualStudioVersion = 17.11.35303.130
MinimumVisualStudioVersion = 10.0.40219.1
Project("{FAE04EC0-301F-11D3-BF4B-00C04F79EFBC}") = "WebApplication2(middleware)", "WebApplication2(middleware).csproj", "{D9949886-4234-4894-A8FA-4E7E898B8D29}"
EndProject
Global
	GlobalSection(SolutionConfigurationPlatforms) = preSolution
		Debug|Any CPU = Debug|Any CPU
		Release|Any CPU = Release|Any CPU
	EndGlobalSection
	GlobalSection(ProjectConfigurationPlatforms) = postSolution
		{D9949886-4234-4894-A8FA-4E7E898B8D29}.Debug|Any CPU.ActiveCfg = Debug|Any CPU
		{D9949886-4234-4894-A8FA-4E7E898B8D29}.Debug|Any CPU.Build.0 = Debug|Any CPU
		{D9949886-4234-4894-A8FA-4E7E898B8D29}.Release|Any CPU.ActiveCfg = Release|Any CPU
		{D9949886-4234-4894-A8FA-4E7E898B8D29}.Release|Any CPU.Build.0 = Release|Any CPU
	EndGlobalSection
	GlobalSection(SolutionProperties) = preSolution
		HideSolutionNode = FALSE
	EndGlobalSection
	GlobalSection(ExtensibilityGlobals) = postSolution
		SolutionGuid = {15345929-1112-4AB9-B06F-4741F1D43FDB}
	EndGlobalSection
EndGlobal
